// !$*UTF8*$!
{
	archiveVersion = 1;
	classes = {
	};
	objectVersion = 51;
	objects = {

/* Begin PBXBuildFile section */
		46FAFD670C5969FCECF9F6C0 /* Pods_Communere.framework in Frameworks */ = {isa = PBXBuildFile; fileRef = BA9DC2DA52D3C1663C1D26CB /* Pods_Communere.framework */; };
		838DB2AC249B2598008EAA64 /* AppDelegate.swift in Sources */ = {isa = PBXBuildFile; fileRef = 838DB2AB249B2598008EAA64 /* AppDelegate.swift */; };
		838DB2B5249B2599008EAA64 /* Assets.xcassets in Resources */ = {isa = PBXBuildFile; fileRef = 838DB2B4249B2599008EAA64 /* Assets.xcassets */; };
		838DB2C8249B2FBA008EAA64 /* LaunchScreen.storyboard in Resources */ = {isa = PBXBuildFile; fileRef = 838DB2C7249B2FBA008EAA64 /* LaunchScreen.storyboard */; };
		838DB2CA249B37B3008EAA64 /* DataManager.swift in Sources */ = {isa = PBXBuildFile; fileRef = 838DB2C9249B37B3008EAA64 /* DataManager.swift */; };
		838DB2CC249B37C8008EAA64 /* UserDefault.swift in Sources */ = {isa = PBXBuildFile; fileRef = 838DB2CB249B37C8008EAA64 /* UserDefault.swift */; };
		838DB2D0249B39C3008EAA64 /* Coordinator.swift in Sources */ = {isa = PBXBuildFile; fileRef = 838DB2CF249B39C3008EAA64 /* Coordinator.swift */; };
		838DB2D2249B39E7008EAA64 /* MainCoordinator.swift in Sources */ = {isa = PBXBuildFile; fileRef = 838DB2D1249B39E7008EAA64 /* MainCoordinator.swift */; };
		838DB2D5249B3CDD008EAA64 /* ReactiveExtensions.swift in Sources */ = {isa = PBXBuildFile; fileRef = 838DB2D4249B3CDD008EAA64 /* ReactiveExtensions.swift */; };
		838DB2D8249B3DB2008EAA64 /* StoryboardNames.swift in Sources */ = {isa = PBXBuildFile; fileRef = 838DB2D7249B3DB2008EAA64 /* StoryboardNames.swift */; };
		838DB2DD249B404F008EAA64 /* LoginCoordinator.swift in Sources */ = {isa = PBXBuildFile; fileRef = 838DB2DC249B404F008EAA64 /* LoginCoordinator.swift */; };
		838DB2E2249B40D5008EAA64 /* LoginVC.swift in Sources */ = {isa = PBXBuildFile; fileRef = 838DB2E1249B40D5008EAA64 /* LoginVC.swift */; };
		838DB2E4249B40DF008EAA64 /* Login.storyboard in Resources */ = {isa = PBXBuildFile; fileRef = 838DB2E3249B40DF008EAA64 /* Login.storyboard */; };
		838DB2E6249B41BC008EAA64 /* ViewContollerLoadable.swift in Sources */ = {isa = PBXBuildFile; fileRef = 838DB2E5249B41BC008EAA64 /* ViewContollerLoadable.swift */; };
		838DB2E9249B49F2008EAA64 /* CustomTextField.swift in Sources */ = {isa = PBXBuildFile; fileRef = 838DB2E8249B49F2008EAA64 /* CustomTextField.swift */; };
		838DB2EB249B4A11008EAA64 /* CustomTextField.xib in Resources */ = {isa = PBXBuildFile; fileRef = 838DB2EA249B4A11008EAA64 /* CustomTextField.xib */; };
		838DB2ED249B4B6B008EAA64 /* InputType.swift in Sources */ = {isa = PBXBuildFile; fileRef = 838DB2EC249B4B6B008EAA64 /* InputType.swift */; };
		838DB2F0249B5294008EAA64 /* ViewConnectable.swift in Sources */ = {isa = PBXBuildFile; fileRef = 838DB2EF249B5294008EAA64 /* ViewConnectable.swift */; };
		838DB2F2249B5C42008EAA64 /* LoginVM.swift in Sources */ = {isa = PBXBuildFile; fileRef = 838DB2F1249B5C42008EAA64 /* LoginVM.swift */; };
		838DB2F8249B6219008EAA64 /* SignupVC.swift in Sources */ = {isa = PBXBuildFile; fileRef = 838DB2F7249B6219008EAA64 /* SignupVC.swift */; };
		838DB2FA249B6222008EAA64 /* Signup.storyboard in Resources */ = {isa = PBXBuildFile; fileRef = 838DB2F9249B6222008EAA64 /* Signup.storyboard */; };
		838DB2FC249B622E008EAA64 /* SignupVM.swift in Sources */ = {isa = PBXBuildFile; fileRef = 838DB2FB249B622E008EAA64 /* SignupVM.swift */; };
		838DB2FE249B6B42008EAA64 /* UIViewController+ShowError.swift in Sources */ = {isa = PBXBuildFile; fileRef = 838DB2FD249B6B42008EAA64 /* UIViewController+ShowError.swift */; };
		838DB302249B6F0F008EAA64 /* User.swift in Sources */ = {isa = PBXBuildFile; fileRef = 838DB301249B6F0F008EAA64 /* User.swift */; };
/* End PBXBuildFile section */

/* Begin PBXFileReference section */
		3BCE685B555211127536A804 /* Pods-Communere.debug.xcconfig */ = {isa = PBXFileReference; includeInIndex = 1; lastKnownFileType = text.xcconfig; name = "Pods-Communere.debug.xcconfig"; path = "Target Support Files/Pods-Communere/Pods-Communere.debug.xcconfig"; sourceTree = "<group>"; };
		7A3BD4A62C17285448953A4A /* Pods-Communere.release.xcconfig */ = {isa = PBXFileReference; includeInIndex = 1; lastKnownFileType = text.xcconfig; name = "Pods-Communere.release.xcconfig"; path = "Target Support Files/Pods-Communere/Pods-Communere.release.xcconfig"; sourceTree = "<group>"; };
		838DB2A8249B2598008EAA64 /* Communere.app */ = {isa = PBXFileReference; explicitFileType = wrapper.application; includeInIndex = 0; path = Communere.app; sourceTree = BUILT_PRODUCTS_DIR; };
		838DB2AB249B2598008EAA64 /* AppDelegate.swift */ = {isa = PBXFileReference; lastKnownFileType = sourcecode.swift; path = AppDelegate.swift; sourceTree = "<group>"; };
		838DB2B4249B2599008EAA64 /* Assets.xcassets */ = {isa = PBXFileReference; lastKnownFileType = folder.assetcatalog; path = Assets.xcassets; sourceTree = "<group>"; };
		838DB2B9249B2599008EAA64 /* Info.plist */ = {isa = PBXFileReference; lastKnownFileType = text.plist.xml; path = Info.plist; sourceTree = "<group>"; };
		838DB2C7249B2FBA008EAA64 /* LaunchScreen.storyboard */ = {isa = PBXFileReference; lastKnownFileType = file.storyboard; path = LaunchScreen.storyboard; sourceTree = "<group>"; };
		838DB2C9249B37B3008EAA64 /* DataManager.swift */ = {isa = PBXFileReference; lastKnownFileType = sourcecode.swift; path = DataManager.swift; sourceTree = "<group>"; };
		838DB2CB249B37C8008EAA64 /* UserDefault.swift */ = {isa = PBXFileReference; lastKnownFileType = sourcecode.swift; path = UserDefault.swift; sourceTree = "<group>"; };
		838DB2CF249B39C3008EAA64 /* Coordinator.swift */ = {isa = PBXFileReference; lastKnownFileType = sourcecode.swift; path = Coordinator.swift; sourceTree = "<group>"; };
		838DB2D1249B39E7008EAA64 /* MainCoordinator.swift */ = {isa = PBXFileReference; lastKnownFileType = sourcecode.swift; path = MainCoordinator.swift; sourceTree = "<group>"; };
		838DB2D4249B3CDD008EAA64 /* ReactiveExtensions.swift */ = {isa = PBXFileReference; lastKnownFileType = sourcecode.swift; path = ReactiveExtensions.swift; sourceTree = "<group>"; };
		838DB2D7249B3DB2008EAA64 /* StoryboardNames.swift */ = {isa = PBXFileReference; lastKnownFileType = sourcecode.swift; path = StoryboardNames.swift; sourceTree = "<group>"; };
		838DB2DC249B404F008EAA64 /* LoginCoordinator.swift */ = {isa = PBXFileReference; lastKnownFileType = sourcecode.swift; path = LoginCoordinator.swift; sourceTree = "<group>"; };
		838DB2E1249B40D5008EAA64 /* LoginVC.swift */ = {isa = PBXFileReference; lastKnownFileType = sourcecode.swift; path = LoginVC.swift; sourceTree = "<group>"; };
		838DB2E3249B40DF008EAA64 /* Login.storyboard */ = {isa = PBXFileReference; lastKnownFileType = file.storyboard; path = Login.storyboard; sourceTree = "<group>"; };
		838DB2E5249B41BC008EAA64 /* ViewContollerLoadable.swift */ = {isa = PBXFileReference; lastKnownFileType = sourcecode.swift; path = ViewContollerLoadable.swift; sourceTree = "<group>"; };
		838DB2E8249B49F2008EAA64 /* CustomTextField.swift */ = {isa = PBXFileReference; lastKnownFileType = sourcecode.swift; path = CustomTextField.swift; sourceTree = "<group>"; };
		838DB2EA249B4A11008EAA64 /* CustomTextField.xib */ = {isa = PBXFileReference; lastKnownFileType = file.xib; path = CustomTextField.xib; sourceTree = "<group>"; };
		838DB2EC249B4B6B008EAA64 /* InputType.swift */ = {isa = PBXFileReference; lastKnownFileType = sourcecode.swift; path = InputType.swift; sourceTree = "<group>"; };
		838DB2EF249B5294008EAA64 /* ViewConnectable.swift */ = {isa = PBXFileReference; lastKnownFileType = sourcecode.swift; path = ViewConnectable.swift; sourceTree = "<group>"; };
		838DB2F1249B5C42008EAA64 /* LoginVM.swift */ = {isa = PBXFileReference; lastKnownFileType = sourcecode.swift; path = LoginVM.swift; sourceTree = "<group>"; };
		838DB2F7249B6219008EAA64 /* SignupVC.swift */ = {isa = PBXFileReference; lastKnownFileType = sourcecode.swift; path = SignupVC.swift; sourceTree = "<group>"; };
		838DB2F9249B6222008EAA64 /* Signup.storyboard */ = {isa = PBXFileReference; lastKnownFileType = file.storyboard; path = Signup.storyboard; sourceTree = "<group>"; };
		838DB2FB249B622E008EAA64 /* SignupVM.swift */ = {isa = PBXFileReference; lastKnownFileType = sourcecode.swift; path = SignupVM.swift; sourceTree = "<group>"; };
		838DB2FD249B6B42008EAA64 /* UIViewController+ShowError.swift */ = {isa = PBXFileReference; lastKnownFileType = sourcecode.swift; path = "UIViewController+ShowError.swift"; sourceTree = "<group>"; };
		838DB301249B6F0F008EAA64 /* User.swift */ = {isa = PBXFileReference; lastKnownFileType = sourcecode.swift; path = User.swift; sourceTree = "<group>"; };
		BA9DC2DA52D3C1663C1D26CB /* Pods_Communere.framework */ = {isa = PBXFileReference; explicitFileType = wrapper.framework; includeInIndex = 0; path = Pods_Communere.framework; sourceTree = BUILT_PRODUCTS_DIR; };
/* End PBXFileReference section */

/* Begin PBXFrameworksBuildPhase section */
		838DB2A5249B2598008EAA64 /* Frameworks */ = {
			isa = PBXFrameworksBuildPhase;
			buildActionMask = 2147483647;
			files = (
				46FAFD670C5969FCECF9F6C0 /* Pods_Communere.framework in Frameworks */,
			);
			runOnlyForDeploymentPostprocessing = 0;
		};
/* End PBXFrameworksBuildPhase section */

/* Begin PBXGroup section */
		820A3E89552F0C92DC8A6A5A /* Frameworks */ = {
			isa = PBXGroup;
			children = (
				BA9DC2DA52D3C1663C1D26CB /* Pods_Communere.framework */,
			);
			name = Frameworks;
			sourceTree = "<group>";
		};
		838DB29F249B2598008EAA64 = {
			isa = PBXGroup;
			children = (
				838DB2AA249B2598008EAA64 /* Communere */,
				838DB2A9249B2598008EAA64 /* Products */,
				EF5A4F7C232A4CE844570B64 /* Pods */,
				820A3E89552F0C92DC8A6A5A /* Frameworks */,
			);
			sourceTree = "<group>";
		};
		838DB2A9249B2598008EAA64 /* Products */ = {
			isa = PBXGroup;
			children = (
				838DB2A8249B2598008EAA64 /* Communere.app */,
			);
			name = Products;
			sourceTree = "<group>";
		};
		838DB2AA249B2598008EAA64 /* Communere */ = {
			isa = PBXGroup;
			children = (
				838DB2BF249B2E0C008EAA64 /* Components */,
				838DB2C0249B2E1E008EAA64 /* Networking */,
				838DB2C1249B2E29008EAA64 /* Resources */,
				838DB2C2249B2E3C008EAA64 /* Scenes */,
				838DB2C3249B2E51008EAA64 /* Support */,
				838DB2C4249B2E59008EAA64 /* Utilities */,
			);
			path = Communere;
			sourceTree = "<group>";
		};
		838DB2BF249B2E0C008EAA64 /* Components */ = {
			isa = PBXGroup;
			children = (
				838DB2E7249B49AB008EAA64 /* CustomTextField */,
			);
			path = Components;
			sourceTree = "<group>";
		};
		838DB2C0249B2E1E008EAA64 /* Networking */ = {
			isa = PBXGroup;
			children = (
			);
			path = Networking;
			sourceTree = "<group>";
		};
		838DB2C1249B2E29008EAA64 /* Resources */ = {
			isa = PBXGroup;
			children = (
			);
			path = Resources;
			sourceTree = "<group>";
		};
		838DB2C2249B2E3C008EAA64 /* Scenes */ = {
			isa = PBXGroup;
			children = (
				838DB2FF249B6EE8008EAA64 /* User */,
				838DB2D9249B3FE3008EAA64 /* LoginScene */,
			);
			path = Scenes;
			sourceTree = "<group>";
		};
		838DB2C3249B2E51008EAA64 /* Support */ = {
			isa = PBXGroup;
			children = (
				838DB2AB249B2598008EAA64 /* AppDelegate.swift */,
				838DB2B4249B2599008EAA64 /* Assets.xcassets */,
				838DB2B9249B2599008EAA64 /* Info.plist */,
				838DB2C7249B2FBA008EAA64 /* LaunchScreen.storyboard */,
			);
			path = Support;
			sourceTree = "<group>";
		};
		838DB2C4249B2E59008EAA64 /* Utilities */ = {
			isa = PBXGroup;
			children = (
				838DB2C5249B2E7D008EAA64 /* Managers */,
				838DB2C6249B2EBD008EAA64 /* UIkit Utilities */,
			);
			path = Utilities;
			sourceTree = "<group>";
		};
		838DB2C5249B2E7D008EAA64 /* Managers */ = {
			isa = PBXGroup;
			children = (
				838DB2C9249B37B3008EAA64 /* DataManager.swift */,
				838DB2CB249B37C8008EAA64 /* UserDefault.swift */,
			);
			path = Managers;
			sourceTree = "<group>";
		};
		838DB2C6249B2EBD008EAA64 /* UIkit Utilities */ = {
			isa = PBXGroup;
			children = (
				838DB2EE249B527A008EAA64 /* Nib Extensions */,
				838DB2CD249B39A5008EAA64 /* Coordinator */,
				838DB2D3249B3CC1008EAA64 /* Rx */,
				838DB2D6249B3D70008EAA64 /* UIViewController Extensions */,
			);
			path = "UIkit Utilities";
			sourceTree = "<group>";
		};
		838DB2CD249B39A5008EAA64 /* Coordinator */ = {
			isa = PBXGroup;
			children = (
				838DB2CE249B39B5008EAA64 /* MainCoordinator */,
				838DB2CF249B39C3008EAA64 /* Coordinator.swift */,
			);
			path = Coordinator;
			sourceTree = "<group>";
		};
		838DB2CE249B39B5008EAA64 /* MainCoordinator */ = {
			isa = PBXGroup;
			children = (
				838DB2D1249B39E7008EAA64 /* MainCoordinator.swift */,
			);
			path = MainCoordinator;
			sourceTree = "<group>";
		};
		838DB2D3249B3CC1008EAA64 /* Rx */ = {
			isa = PBXGroup;
			children = (
				838DB2D4249B3CDD008EAA64 /* ReactiveExtensions.swift */,
			);
			path = Rx;
			sourceTree = "<group>";
		};
		838DB2D6249B3D70008EAA64 /* UIViewController Extensions */ = {
			isa = PBXGroup;
			children = (
				838DB2D7249B3DB2008EAA64 /* StoryboardNames.swift */,
				838DB2E5249B41BC008EAA64 /* ViewContollerLoadable.swift */,
				838DB2FD249B6B42008EAA64 /* UIViewController+ShowError.swift */,
			);
			path = "UIViewController Extensions";
			sourceTree = "<group>";
		};
		838DB2D9249B3FE3008EAA64 /* LoginScene */ = {
			isa = PBXGroup;
			children = (
				838DB2DA249B400C008EAA64 /* LoginCoordinator */,
				838DB2DB249B4033008EAA64 /* Login */,
				838DB2F3249B61E3008EAA64 /* Signup */,
			);
			path = LoginScene;
			sourceTree = "<group>";
		};
		838DB2DA249B400C008EAA64 /* LoginCoordinator */ = {
			isa = PBXGroup;
			children = (
				838DB2DC249B404F008EAA64 /* LoginCoordinator.swift */,
			);
			path = LoginCoordinator;
			sourceTree = "<group>";
		};
		838DB2DB249B4033008EAA64 /* Login */ = {
			isa = PBXGroup;
			children = (
				838DB2DE249B40A4008EAA64 /* Model */,
				838DB2DF249B40A9008EAA64 /* View */,
				838DB2E0249B40AD008EAA64 /* ViewModel */,
			);
			path = Login;
			sourceTree = "<group>";
		};
		838DB2DE249B40A4008EAA64 /* Model */ = {
			isa = PBXGroup;
			children = (
			);
			path = Model;
			sourceTree = "<group>";
		};
		838DB2DF249B40A9008EAA64 /* View */ = {
			isa = PBXGroup;
			children = (
				838DB2E1249B40D5008EAA64 /* LoginVC.swift */,
				838DB2E3249B40DF008EAA64 /* Login.storyboard */,
			);
			path = View;
			sourceTree = "<group>";
		};
		838DB2E0249B40AD008EAA64 /* ViewModel */ = {
			isa = PBXGroup;
			children = (
				838DB2F1249B5C42008EAA64 /* LoginVM.swift */,
			);
			path = ViewModel;
			sourceTree = "<group>";
		};
		838DB2E7249B49AB008EAA64 /* CustomTextField */ = {
			isa = PBXGroup;
			children = (
				838DB2E8249B49F2008EAA64 /* CustomTextField.swift */,
				838DB2EA249B4A11008EAA64 /* CustomTextField.xib */,
				838DB2EC249B4B6B008EAA64 /* InputType.swift */,
			);
			path = CustomTextField;
			sourceTree = "<group>";
		};
		838DB2EE249B527A008EAA64 /* Nib Extensions */ = {
			isa = PBXGroup;
			children = (
				838DB2EF249B5294008EAA64 /* ViewConnectable.swift */,
			);
			path = "Nib Extensions";
			sourceTree = "<group>";
		};
		838DB2F3249B61E3008EAA64 /* Signup */ = {
			isa = PBXGroup;
			children = (
				838DB2F4249B61F0008EAA64 /* Model */,
				838DB2F5249B61F6008EAA64 /* View */,
				838DB2F6249B61FB008EAA64 /* ViewModel */,
			);
			path = Signup;
			sourceTree = "<group>";
		};
		838DB2F4249B61F0008EAA64 /* Model */ = {
			isa = PBXGroup;
			children = (
			);
			path = Model;
			sourceTree = "<group>";
		};
		838DB2F5249B61F6008EAA64 /* View */ = {
			isa = PBXGroup;
			children = (
				838DB2F7249B6219008EAA64 /* SignupVC.swift */,
				838DB2F9249B6222008EAA64 /* Signup.storyboard */,
			);
			path = View;
			sourceTree = "<group>";
		};
		838DB2F6249B61FB008EAA64 /* ViewModel */ = {
			isa = PBXGroup;
			children = (
				838DB2FB249B622E008EAA64 /* SignupVM.swift */,
			);
			path = ViewModel;
			sourceTree = "<group>";
		};
		838DB2FF249B6EE8008EAA64 /* User */ = {
			isa = PBXGroup;
			children = (
				838DB301249B6F0F008EAA64 /* User.swift */,
			);
			path = User;
			sourceTree = "<group>";
		};
		EF5A4F7C232A4CE844570B64 /* Pods */ = {
			isa = PBXGroup;
			children = (
				3BCE685B555211127536A804 /* Pods-Communere.debug.xcconfig */,
				7A3BD4A62C17285448953A4A /* Pods-Communere.release.xcconfig */,
			);
			path = Pods;
			sourceTree = "<group>";
		};
/* End PBXGroup section */

/* Begin PBXNativeTarget section */
		838DB2A7249B2598008EAA64 /* Communere */ = {
			isa = PBXNativeTarget;
			buildConfigurationList = 838DB2BC249B2599008EAA64 /* Build configuration list for PBXNativeTarget "Communere" */;
			buildPhases = (
				A5E5C3FFA0D174E78E6EFF54 /* [CP] Check Pods Manifest.lock */,
				838DB2A4249B2598008EAA64 /* Sources */,
				838DB2A5249B2598008EAA64 /* Frameworks */,
				838DB2A6249B2598008EAA64 /* Resources */,
				585BE8240A16D1BAE0DAD548 /* [CP] Embed Pods Frameworks */,
			);
			buildRules = (
			);
			dependencies = (
			);
			name = Communere;
			productName = Communere;
			productReference = 838DB2A8249B2598008EAA64 /* Communere.app */;
			productType = "com.apple.product-type.application";
		};
/* End PBXNativeTarget section */

/* Begin PBXProject section */
		838DB2A0249B2598008EAA64 /* Project object */ = {
			isa = PBXProject;
			attributes = {
				LastSwiftUpdateCheck = 1150;
				LastUpgradeCheck = 1150;
				ORGANIZATIONNAME = exonvision;
				TargetAttributes = {
					838DB2A7249B2598008EAA64 = {
						CreatedOnToolsVersion = 11.5;
					};
				};
			};
			buildConfigurationList = 838DB2A3249B2598008EAA64 /* Build configuration list for PBXProject "Communere" */;
			compatibilityVersion = "Xcode 9.3";
			developmentRegion = en;
			hasScannedForEncodings = 0;
			knownRegions = (
				en,
				Base,
			);
			mainGroup = 838DB29F249B2598008EAA64;
			productRefGroup = 838DB2A9249B2598008EAA64 /* Products */;
			projectDirPath = "";
			projectRoot = "";
			targets = (
				838DB2A7249B2598008EAA64 /* Communere */,
			);
		};
/* End PBXProject section */

/* Begin PBXResourcesBuildPhase section */
		838DB2A6249B2598008EAA64 /* Resources */ = {
			isa = PBXResourcesBuildPhase;
			buildActionMask = 2147483647;
			files = (
				838DB2EB249B4A11008EAA64 /* CustomTextField.xib in Resources */,
				838DB2B5249B2599008EAA64 /* Assets.xcassets in Resources */,
				838DB2C8249B2FBA008EAA64 /* LaunchScreen.storyboard in Resources */,
				838DB2FA249B6222008EAA64 /* Signup.storyboard in Resources */,
				838DB2E4249B40DF008EAA64 /* Login.storyboard in Resources */,
			);
			runOnlyForDeploymentPostprocessing = 0;
		};
/* End PBXResourcesBuildPhase section */

/* Begin PBXShellScriptBuildPhase section */
		585BE8240A16D1BAE0DAD548 /* [CP] Embed Pods Frameworks */ = {
			isa = PBXShellScriptBuildPhase;
			buildActionMask = 2147483647;
			files = (
			);
			inputFileListPaths = (
				"${PODS_ROOT}/Target Support Files/Pods-Communere/Pods-Communere-frameworks-${CONFIGURATION}-input-files.xcfilelist",
			);
			name = "[CP] Embed Pods Frameworks";
			outputFileListPaths = (
				"${PODS_ROOT}/Target Support Files/Pods-Communere/Pods-Communere-frameworks-${CONFIGURATION}-output-files.xcfilelist",
			);
			runOnlyForDeploymentPostprocessing = 0;
			shellPath = /bin/sh;
			shellScript = "\"${PODS_ROOT}/Target Support Files/Pods-Communere/Pods-Communere-frameworks.sh\"\n";
			showEnvVarsInLog = 0;
		};
		A5E5C3FFA0D174E78E6EFF54 /* [CP] Check Pods Manifest.lock */ = {
			isa = PBXShellScriptBuildPhase;
			buildActionMask = 2147483647;
			files = (
			);
			inputFileListPaths = (
			);
			inputPaths = (
				"${PODS_PODFILE_DIR_PATH}/Podfile.lock",
				"${PODS_ROOT}/Manifest.lock",
			);
			name = "[CP] Check Pods Manifest.lock";
			outputFileListPaths = (
			);
			outputPaths = (
				"$(DERIVED_FILE_DIR)/Pods-Communere-checkManifestLockResult.txt",
			);
			runOnlyForDeploymentPostprocessing = 0;
			shellPath = /bin/sh;
			shellScript = "diff \"${PODS_PODFILE_DIR_PATH}/Podfile.lock\" \"${PODS_ROOT}/Manifest.lock\" > /dev/null\nif [ $? != 0 ] ; then\n    # print error to STDERR\n    echo \"error: The sandbox is not in sync with the Podfile.lock. Run 'pod install' or update your CocoaPods installation.\" >&2\n    exit 1\nfi\n# This output is used by Xcode 'outputs' to avoid re-running this script phase.\necho \"SUCCESS\" > \"${SCRIPT_OUTPUT_FILE_0}\"\n";
			showEnvVarsInLog = 0;
		};
/* End PBXShellScriptBuildPhase section */

/* Begin PBXSourcesBuildPhase section */
		838DB2A4249B2598008EAA64 /* Sources */ = {
			isa = PBXSourcesBuildPhase;
			buildActionMask = 2147483647;
			files = (
				838DB2F2249B5C42008EAA64 /* LoginVM.swift in Sources */,
				838DB2ED249B4B6B008EAA64 /* InputType.swift in Sources */,
				838DB2FC249B622E008EAA64 /* SignupVM.swift in Sources */,
				838DB2FE249B6B42008EAA64 /* UIViewController+ShowError.swift in Sources */,
				838DB2D0249B39C3008EAA64 /* Coordinator.swift in Sources */,
				838DB2E9249B49F2008EAA64 /* CustomTextField.swift in Sources */,
				838DB2AC249B2598008EAA64 /* AppDelegate.swift in Sources */,
				838DB2F0249B5294008EAA64 /* ViewConnectable.swift in Sources */,
				838DB2F8249B6219008EAA64 /* SignupVC.swift in Sources */,
				838DB2CA249B37B3008EAA64 /* DataManager.swift in Sources */,
				838DB2D2249B39E7008EAA64 /* MainCoordinator.swift in Sources */,
				838DB2D8249B3DB2008EAA64 /* StoryboardNames.swift in Sources */,
				838DB2E2249B40D5008EAA64 /* LoginVC.swift in Sources */,
				838DB2D5249B3CDD008EAA64 /* ReactiveExtensions.swift in Sources */,
				838DB302249B6F0F008EAA64 /* User.swift in Sources */,
				838DB2E6249B41BC008EAA64 /* ViewContollerLoadable.swift in Sources */,
				838DB2DD249B404F008EAA64 /* LoginCoordinator.swift in Sources */,
				838DB2CC249B37C8008EAA64 /* UserDefault.swift in Sources */,
			);
			runOnlyForDeploymentPostprocessing = 0;
		};
/* End PBXSourcesBuildPhase section */

/* Begin XCBuildConfiguration section */
		838DB2BA249B2599008EAA64 /* Debug */ = {
			isa = XCBuildConfiguration;
			buildSettings = {
				ALWAYS_SEARCH_USER_PATHS = NO;
				CLANG_ANALYZER_NONNULL = YES;
				CLANG_ANALYZER_NUMBER_OBJECT_CONVERSION = YES_AGGRESSIVE;
				CLANG_CXX_LANGUAGE_STANDARD = "gnu++14";
				CLANG_CXX_LIBRARY = "libc++";
				CLANG_ENABLE_MODULES = YES;
				CLANG_ENABLE_OBJC_ARC = YES;
				CLANG_ENABLE_OBJC_WEAK = YES;
				CLANG_WARN_BLOCK_CAPTURE_AUTORELEASING = YES;
				CLANG_WARN_BOOL_CONVERSION = YES;
				CLANG_WARN_COMMA = YES;
				CLANG_WARN_CONSTANT_CONVERSION = YES;
				CLANG_WARN_DEPRECATED_OBJC_IMPLEMENTATIONS = YES;
				CLANG_WARN_DIRECT_OBJC_ISA_USAGE = YES_ERROR;
				CLANG_WARN_DOCUMENTATION_COMMENTS = YES;
				CLANG_WARN_EMPTY_BODY = YES;
				CLANG_WARN_ENUM_CONVERSION = YES;
				CLANG_WARN_INFINITE_RECURSION = YES;
				CLANG_WARN_INT_CONVERSION = YES;
				CLANG_WARN_NON_LITERAL_NULL_CONVERSION = YES;
				CLANG_WARN_OBJC_IMPLICIT_RETAIN_SELF = YES;
				CLANG_WARN_OBJC_LITERAL_CONVERSION = YES;
				CLANG_WARN_OBJC_ROOT_CLASS = YES_ERROR;
				CLANG_WARN_RANGE_LOOP_ANALYSIS = YES;
				CLANG_WARN_STRICT_PROTOTYPES = YES;
				CLANG_WARN_SUSPICIOUS_MOVE = YES;
				CLANG_WARN_UNGUARDED_AVAILABILITY = YES_AGGRESSIVE;
				CLANG_WARN_UNREACHABLE_CODE = YES;
				CLANG_WARN__DUPLICATE_METHOD_MATCH = YES;
				COPY_PHASE_STRIP = NO;
				DEBUG_INFORMATION_FORMAT = dwarf;
				ENABLE_STRICT_OBJC_MSGSEND = YES;
				ENABLE_TESTABILITY = YES;
				GCC_C_LANGUAGE_STANDARD = gnu11;
				GCC_DYNAMIC_NO_PIC = NO;
				GCC_NO_COMMON_BLOCKS = YES;
				GCC_OPTIMIZATION_LEVEL = 0;
				GCC_PREPROCESSOR_DEFINITIONS = (
					"DEBUG=1",
					"$(inherited)",
				);
				GCC_WARN_64_TO_32_BIT_CONVERSION = YES;
				GCC_WARN_ABOUT_RETURN_TYPE = YES_ERROR;
				GCC_WARN_UNDECLARED_SELECTOR = YES;
				GCC_WARN_UNINITIALIZED_AUTOS = YES_AGGRESSIVE;
				GCC_WARN_UNUSED_FUNCTION = YES;
				GCC_WARN_UNUSED_VARIABLE = YES;
				IPHONEOS_DEPLOYMENT_TARGET = 11.0;
				MTL_ENABLE_DEBUG_INFO = INCLUDE_SOURCE;
				MTL_FAST_MATH = YES;
				ONLY_ACTIVE_ARCH = YES;
				SDKROOT = iphoneos;
				SWIFT_ACTIVE_COMPILATION_CONDITIONS = DEBUG;
				SWIFT_OPTIMIZATION_LEVEL = "-Onone";
			};
			name = Debug;
		};
		838DB2BB249B2599008EAA64 /* Release */ = {
			isa = XCBuildConfiguration;
			buildSettings = {
				ALWAYS_SEARCH_USER_PATHS = NO;
				CLANG_ANALYZER_NONNULL = YES;
				CLANG_ANALYZER_NUMBER_OBJECT_CONVERSION = YES_AGGRESSIVE;
				CLANG_CXX_LANGUAGE_STANDARD = "gnu++14";
				CLANG_CXX_LIBRARY = "libc++";
				CLANG_ENABLE_MODULES = YES;
				CLANG_ENABLE_OBJC_ARC = YES;
				CLANG_ENABLE_OBJC_WEAK = YES;
				CLANG_WARN_BLOCK_CAPTURE_AUTORELEASING = YES;
				CLANG_WARN_BOOL_CONVERSION = YES;
				CLANG_WARN_COMMA = YES;
				CLANG_WARN_CONSTANT_CONVERSION = YES;
				CLANG_WARN_DEPRECATED_OBJC_IMPLEMENTATIONS = YES;
				CLANG_WARN_DIRECT_OBJC_ISA_USAGE = YES_ERROR;
				CLANG_WARN_DOCUMENTATION_COMMENTS = YES;
				CLANG_WARN_EMPTY_BODY = YES;
				CLANG_WARN_ENUM_CONVERSION = YES;
				CLANG_WARN_INFINITE_RECURSION = YES;
				CLANG_WARN_INT_CONVERSION = YES;
				CLANG_WARN_NON_LITERAL_NULL_CONVERSION = YES;
				CLANG_WARN_OBJC_IMPLICIT_RETAIN_SELF = YES;
				CLANG_WARN_OBJC_LITERAL_CONVERSION = YES;
				CLANG_WARN_OBJC_ROOT_CLASS = YES_ERROR;
				CLANG_WARN_RANGE_LOOP_ANALYSIS = YES;
				CLANG_WARN_STRICT_PROTOTYPES = YES;
				CLANG_WARN_SUSPICIOUS_MOVE = YES;
				CLANG_WARN_UNGUARDED_AVAILABILITY = YES_AGGRESSIVE;
				CLANG_WARN_UNREACHABLE_CODE = YES;
				CLANG_WARN__DUPLICATE_METHOD_MATCH = YES;
				COPY_PHASE_STRIP = NO;
				DEBUG_INFORMATION_FORMAT = "dwarf-with-dsym";
				ENABLE_NS_ASSERTIONS = NO;
				ENABLE_STRICT_OBJC_MSGSEND = YES;
				GCC_C_LANGUAGE_STANDARD = gnu11;
				GCC_NO_COMMON_BLOCKS = YES;
				GCC_WARN_64_TO_32_BIT_CONVERSION = YES;
				GCC_WARN_ABOUT_RETURN_TYPE = YES_ERROR;
				GCC_WARN_UNDECLARED_SELECTOR = YES;
				GCC_WARN_UNINITIALIZED_AUTOS = YES_AGGRESSIVE;
				GCC_WARN_UNUSED_FUNCTION = YES;
				GCC_WARN_UNUSED_VARIABLE = YES;
				IPHONEOS_DEPLOYMENT_TARGET = 11.0;
				MTL_ENABLE_DEBUG_INFO = NO;
				MTL_FAST_MATH = YES;
				SDKROOT = iphoneos;
				SWIFT_COMPILATION_MODE = wholemodule;
				SWIFT_OPTIMIZATION_LEVEL = "-O";
				VALIDATE_PRODUCT = YES;
			};
			name = Release;
		};
		838DB2BD249B2599008EAA64 /* Debug */ = {
			isa = XCBuildConfiguration;
			baseConfigurationReference = 3BCE685B555211127536A804 /* Pods-Communere.debug.xcconfig */;
			buildSettings = {
				ASSETCATALOG_COMPILER_APPICON_NAME = AppIcon;
				CODE_SIGN_STYLE = Automatic;
				DEVELOPMENT_TEAM = 674HNU4UMD;
				INFOPLIST_FILE = "$(SRCROOT)/Communere/Support/Info.plist";
				IPHONEOS_DEPLOYMENT_TARGET = 11.0;
				LD_RUNPATH_SEARCH_PATHS = (
					"$(inherited)",
					"@executable_path/Frameworks",
				);
				PRODUCT_BUNDLE_IDENTIFIER = com.exonvision.Communere;
				PRODUCT_NAME = "$(TARGET_NAME)";
				SWIFT_VERSION = 5.0;
				TARGETED_DEVICE_FAMILY = 1;
			};
			name = Debug;
		};
		838DB2BE249B2599008EAA64 /* Release */ = {
			isa = XCBuildConfiguration;
			baseConfigurationReference = 7A3BD4A62C17285448953A4A /* Pods-Communere.release.xcconfig */;
			buildSettings = {
				ASSETCATALOG_COMPILER_APPICON_NAME = AppIcon;
				CODE_SIGN_STYLE = Automatic;
				DEVELOPMENT_TEAM = 674HNU4UMD;
				INFOPLIST_FILE = "$(SRCROOT)/Communere/Support/Info.plist";
				IPHONEOS_DEPLOYMENT_TARGET = 11.0;
				LD_RUNPATH_SEARCH_PATHS = (
					"$(inherited)",
					"@executable_path/Frameworks",
				);
				PRODUCT_BUNDLE_IDENTIFIER = com.exonvision.Communere;
				PRODUCT_NAME = "$(TARGET_NAME)";
				SWIFT_VERSION = 5.0;
				TARGETED_DEVICE_FAMILY = 1;
			};
			name = Release;
		};
/* End XCBuildConfiguration section */

/* Begin XCConfigurationList section */
		838DB2A3249B2598008EAA64 /* Build configuration list for PBXProject "Communere" */ = {
			isa = XCConfigurationList;
			buildConfigurations = (
				838DB2BA249B2599008EAA64 /* Debug */,
				838DB2BB249B2599008EAA64 /* Release */,
			);
			defaultConfigurationIsVisible = 0;
			defaultConfigurationName = Release;
		};
		838DB2BC249B2599008EAA64 /* Build configuration list for PBXNativeTarget "Communere" */ = {
			isa = XCConfigurationList;
			buildConfigurations = (
				838DB2BD249B2599008EAA64 /* Debug */,
				838DB2BE249B2599008EAA64 /* Release */,
			);
			defaultConfigurationIsVisible = 0;
			defaultConfigurationName = Release;
		};
/* End XCConfigurationList section */
	};
	rootObject = 838DB2A0249B2598008EAA64 /* Project object */;
}
